
Microsoft Visual Studio Solution File, Format Version 12.00
# Visual Studio Version 16
VisualStudioVersion = 16.0.29905.134
MinimumVisualStudioVersion = 10.0.40219.1
Project("{FAE04EC0-301F-11D3-BF4B-00C04F79EFBC}") = "pharmacystore", "pharmacystore\pharmacystore.csproj", "{6AF651D8-952C-4616-8DA1-C31CB19991F7}"
EndProject
Global
	GlobalSection(SolutionConfigurationPlatforms) = preSolution
		Debug|Any CPU = Debug|Any CPU
		Release|Any CPU = Release|Any CPU
	EndGlobalSection
	GlobalSection(ProjectConfigurationPlatforms) = postSolution
		{6AF651D8-952C-4616-8DA1-C31CB19991F7}.Debug|Any CPU.ActiveCfg = Debug|Any CPU
		{6AF651D8-952C-4616-8DA1-C31CB19991F7}.Debug|Any CPU.Build.0 = Debug|Any CPU
		{6AF651D8-952C-4616-8DA1-C31CB19991F7}.Release|Any CPU.ActiveCfg = Release|Any CPU
		{6AF651D8-952C-4616-8DA1-C31CB19991F7}.Release|Any CPU.Build.0 = Release|Any CPU
	EndGlobalSection
	GlobalSection(SolutionProperties) = preSolution
		HideSolutionNode = FALSE
	EndGlobalSection
	GlobalSection(ExtensibilityGlobals) = postSolution
		SolutionGuid = {EF2AED88-4A87-4D2B-9599-9FEA2C2029E0}
	EndGlobalSection
EndGlobal
